
Microsoft Visual Studio Solution File, Format Version 12.00
# Visual Studio 15
VisualStudioVersion = 15.0.28010.2050
MinimumVisualStudioVersion = 10.0.40219.1
Project("{8BC9CEB8-8B4A-11D0-8D11-00A0C91BC942}") = "HOG_detector", "HOG_detector\HOG_detector.vcxproj", "{3A94347B-FC3A-4D65-9AB6-B5E1F134C49F}"
EndProject
Global
	GlobalSection(SolutionConfigurationPlatforms) = preSolution
		Debug|x64 = Debug|x64
		Debug|x86 = Debug|x86
		Release|x64 = Release|x64
		Release|x86 = Release|x86
	EndGlobalSection
	GlobalSection(ProjectConfigurationPlatforms) = postSolution
		{3A94347B-FC3A-4D65-9AB6-B5E1F134C49F}.Debug|x64.ActiveCfg = Debug|x64
		{3A94347B-FC3A-4D65-9AB6-B5E1F134C49F}.Debug|x64.Build.0 = Debug|x64
		{3A94347B-FC3A-4D65-9AB6-B5E1F134C49F}.Debug|x86.ActiveCfg = Debug|Win32
		{3A94347B-FC3A-4D65-9AB6-B5E1F134C49F}.Debug|x86.Build.0 = Debug|Win32
		{3A94347B-FC3A-4D65-9AB6-B5E1F134C49F}.Release|x64.ActiveCfg = Release|x64
		{3A94347B-FC3A-4D65-9AB6-B5E1F134C49F}.Release|x64.Build.0 = Release|x64
		{3A94347B-FC3A-4D65-9AB6-B5E1F134C49F}.Release|x86.ActiveCfg = Release|Win32
		{3A94347B-FC3A-4D65-9AB6-B5E1F134C49F}.Release|x86.Build.0 = Release|Win32
	EndGlobalSection
	GlobalSection(SolutionProperties) = preSolution
		HideSolutionNode = FALSE
	EndGlobalSection
	GlobalSection(ExtensibilityGlobals) = postSolution
		SolutionGuid = {1B2546B4-FC75-4E18-977A-6F686C4C2737}
	EndGlobalSection
EndGlobal
